
Microsoft Visual Studio Solution File, Format Version 12.00
# Visual Studio 15
VisualStudioVersion = 15.0.27428.2037
MinimumVisualStudioVersion = 10.0.40219.1
Project("{FAE04EC0-301F-11D3-BF4B-00C04F79EFBC}") = "BookStore", "BookStore\BookStore.csproj", "{B81840B5-400C-40F0-8309-262FF27A90BD}"
EndProject
Project("{FAE04EC0-301F-11D3-BF4B-00C04F79EFBC}") = "BookStore.Domain", "BookStore.Domain\BookStore.Domain.csproj", "{116C7A08-C243-436C-9801-E4EAD47D9A67}"
EndProject
Global
	GlobalSection(SolutionConfigurationPlatforms) = preSolution
		Debug|Any CPU = Debug|Any CPU
		Release|Any CPU = Release|Any CPU
	EndGlobalSection
	GlobalSection(ProjectConfigurationPlatforms) = postSolution
		{B81840B5-400C-40F0-8309-262FF27A90BD}.Debug|Any CPU.ActiveCfg = Debug|Any CPU
		{B81840B5-400C-40F0-8309-262FF27A90BD}.Debug|Any CPU.Build.0 = Debug|Any CPU
		{B81840B5-400C-40F0-8309-262FF27A90BD}.Release|Any CPU.ActiveCfg = Release|Any CPU
		{B81840B5-400C-40F0-8309-262FF27A90BD}.Release|Any CPU.Build.0 = Release|Any CPU
		{116C7A08-C243-436C-9801-E4EAD47D9A67}.Debug|Any CPU.ActiveCfg = Debug|Any CPU
		{116C7A08-C243-436C-9801-E4EAD47D9A67}.Debug|Any CPU.Build.0 = Debug|Any CPU
		{116C7A08-C243-436C-9801-E4EAD47D9A67}.Release|Any CPU.ActiveCfg = Release|Any CPU
		{116C7A08-C243-436C-9801-E4EAD47D9A67}.Release|Any CPU.Build.0 = Release|Any CPU
	EndGlobalSection
	GlobalSection(SolutionProperties) = preSolution
		HideSolutionNode = FALSE
	EndGlobalSection
	GlobalSection(ExtensibilityGlobals) = postSolution
		SolutionGuid = {634D99C2-25FE-4AFF-A3A8-F2BE2771D4E0}
	EndGlobalSection
EndGlobal
