
Microsoft Visual Studio Solution File, Format Version 12.00
# Visual Studio 15
VisualStudioVersion = 15.0.27130.2027
MinimumVisualStudioVersion = 10.0.40219.1
Project("{2150E333-8FDC-42A3-9474-1A3956D46DE8}") = "05 - Domain", "05 - Domain", "{1512DB07-3F41-4648-8162-3E327D15EB2B}"
EndProject
Project("{FAE04EC0-301F-11D3-BF4B-00C04F79EFBC}") = "EF.Domain", "src\EF.Domain\EF.Domain.csproj", "{B39BFA93-B030-444D-A0EB-C396C0BAD9F3}"
EndProject
Project("{2150E333-8FDC-42A3-9474-1A3956D46DE8}") = "10 - Infra", "10 - Infra", "{70A6A8EF-893B-4487-A6F9-9C7EDE824409}"
EndProject
Project("{2150E333-8FDC-42A3-9474-1A3956D46DE8}") = "10.1 - Data", "10.1 - Data", "{E0614EC2-ABE7-4203-A934-8E56C23CFC96}"
EndProject
Project("{FAE04EC0-301F-11D3-BF4B-00C04F79EFBC}") = "EF.Infra.Data", "src\EF.Infra.Data\EF.Infra.Data.csproj", "{9C4744FA-B187-424B-B581-299EA6D39192}"
EndProject
Project("{2150E333-8FDC-42A3-9474-1A3956D46DE8}") = "00 - Presentation", "00 - Presentation", "{79B2B267-7C1D-4EF9-8C97-B5E7EB76E8DF}"
EndProject
Project("{FAE04EC0-301F-11D3-BF4B-00C04F79EFBC}") = "EF.Presentation.MVC", "src\EF.Presentation.MVC\EF.Presentation.MVC.csproj", "{43C40A59-CB04-4C9F-B815-07EC71BF77B4}"
EndProject
Project("{2150E333-8FDC-42A3-9474-1A3956D46DE8}") = "10.3 - Test", "10.3 - Test", "{32F8E041-129E-4193-B553-E0EAB429BAC9}"
EndProject
Project("{FAE04EC0-301F-11D3-BF4B-00C04F79EFBC}") = "EF.Infra.Test", "src\EF.Infra.Test\EF.Infra.Test.csproj", "{36BF86EB-2680-4E06-864F-F315422DD6EE}"
EndProject
Project("{2150E333-8FDC-42A3-9474-1A3956D46DE8}") = "10.2 - CrossCutting", "10.2 - CrossCutting", "{F9C3F460-27AF-46CA-80C6-5AF297F1B1B0}"
EndProject
Project("{FAE04EC0-301F-11D3-BF4B-00C04F79EFBC}") = "EF.Infra.CrossCutting.IOC", "src\EF.Infra.CrossCutting.IOC\EF.Infra.CrossCutting.IOC.csproj", "{D87F0F32-B7DA-4EFB-B868-9D92C39ED777}"
EndProject
Global
	GlobalSection(SolutionConfigurationPlatforms) = preSolution
		Debug|Any CPU = Debug|Any CPU
		Release|Any CPU = Release|Any CPU
	EndGlobalSection
	GlobalSection(ProjectConfigurationPlatforms) = postSolution
		{B39BFA93-B030-444D-A0EB-C396C0BAD9F3}.Debug|Any CPU.ActiveCfg = Debug|Any CPU
		{B39BFA93-B030-444D-A0EB-C396C0BAD9F3}.Debug|Any CPU.Build.0 = Debug|Any CPU
		{B39BFA93-B030-444D-A0EB-C396C0BAD9F3}.Release|Any CPU.ActiveCfg = Release|Any CPU
		{B39BFA93-B030-444D-A0EB-C396C0BAD9F3}.Release|Any CPU.Build.0 = Release|Any CPU
		{9C4744FA-B187-424B-B581-299EA6D39192}.Debug|Any CPU.ActiveCfg = Debug|Any CPU
		{9C4744FA-B187-424B-B581-299EA6D39192}.Debug|Any CPU.Build.0 = Debug|Any CPU
		{9C4744FA-B187-424B-B581-299EA6D39192}.Release|Any CPU.ActiveCfg = Release|Any CPU
		{9C4744FA-B187-424B-B581-299EA6D39192}.Release|Any CPU.Build.0 = Release|Any CPU
		{43C40A59-CB04-4C9F-B815-07EC71BF77B4}.Debug|Any CPU.ActiveCfg = Debug|Any CPU
		{43C40A59-CB04-4C9F-B815-07EC71BF77B4}.Debug|Any CPU.Build.0 = Debug|Any CPU
		{43C40A59-CB04-4C9F-B815-07EC71BF77B4}.Release|Any CPU.ActiveCfg = Release|Any CPU
		{43C40A59-CB04-4C9F-B815-07EC71BF77B4}.Release|Any CPU.Build.0 = Release|Any CPU
		{36BF86EB-2680-4E06-864F-F315422DD6EE}.Debug|Any CPU.ActiveCfg = Debug|Any CPU
		{36BF86EB-2680-4E06-864F-F315422DD6EE}.Debug|Any CPU.Build.0 = Debug|Any CPU
		{36BF86EB-2680-4E06-864F-F315422DD6EE}.Release|Any CPU.ActiveCfg = Release|Any CPU
		{36BF86EB-2680-4E06-864F-F315422DD6EE}.Release|Any CPU.Build.0 = Release|Any CPU
		{D87F0F32-B7DA-4EFB-B868-9D92C39ED777}.Debug|Any CPU.ActiveCfg = Debug|Any CPU
		{D87F0F32-B7DA-4EFB-B868-9D92C39ED777}.Debug|Any CPU.Build.0 = Debug|Any CPU
		{D87F0F32-B7DA-4EFB-B868-9D92C39ED777}.Release|Any CPU.ActiveCfg = Release|Any CPU
		{D87F0F32-B7DA-4EFB-B868-9D92C39ED777}.Release|Any CPU.Build.0 = Release|Any CPU
	EndGlobalSection
	GlobalSection(SolutionProperties) = preSolution
		HideSolutionNode = FALSE
	EndGlobalSection
	GlobalSection(NestedProjects) = preSolution
		{B39BFA93-B030-444D-A0EB-C396C0BAD9F3} = {1512DB07-3F41-4648-8162-3E327D15EB2B}
		{E0614EC2-ABE7-4203-A934-8E56C23CFC96} = {70A6A8EF-893B-4487-A6F9-9C7EDE824409}
		{9C4744FA-B187-424B-B581-299EA6D39192} = {E0614EC2-ABE7-4203-A934-8E56C23CFC96}
		{43C40A59-CB04-4C9F-B815-07EC71BF77B4} = {79B2B267-7C1D-4EF9-8C97-B5E7EB76E8DF}
		{32F8E041-129E-4193-B553-E0EAB429BAC9} = {70A6A8EF-893B-4487-A6F9-9C7EDE824409}
		{36BF86EB-2680-4E06-864F-F315422DD6EE} = {32F8E041-129E-4193-B553-E0EAB429BAC9}
		{F9C3F460-27AF-46CA-80C6-5AF297F1B1B0} = {70A6A8EF-893B-4487-A6F9-9C7EDE824409}
		{D87F0F32-B7DA-4EFB-B868-9D92C39ED777} = {F9C3F460-27AF-46CA-80C6-5AF297F1B1B0}
	EndGlobalSection
	GlobalSection(ExtensibilityGlobals) = postSolution
		SolutionGuid = {8FA6AC6A-EC2E-4F1F-8832-21AD18A6EEB1}
	EndGlobalSection
EndGlobal
